
Microsoft Visual Studio Solution File, Format Version 12.00
# Visual Studio Version 17
VisualStudioVersion = 17.4.33213.308
MinimumVisualStudioVersion = 10.0.40219.1
Project("{FAE04EC0-301F-11D3-BF4B-00C04F79EFBC}") = "ExercicioCSharp", "ExercicioCSharp\ExercicioCSharp.csproj", "{8DF89DBC-D0D6-4D1A-81CF-E25AED95BFA3}"
EndProject
Global
	GlobalSection(SolutionConfigurationPlatforms) = preSolution
		Debug|Any CPU = Debug|Any CPU
		Release|Any CPU = Release|Any CPU
	EndGlobalSection
	GlobalSection(ProjectConfigurationPlatforms) = postSolution
		{8DF89DBC-D0D6-4D1A-81CF-E25AED95BFA3}.Debug|Any CPU.ActiveCfg = Debug|Any CPU
		{8DF89DBC-D0D6-4D1A-81CF-E25AED95BFA3}.Debug|Any CPU.Build.0 = Debug|Any CPU
		{8DF89DBC-D0D6-4D1A-81CF-E25AED95BFA3}.Release|Any CPU.ActiveCfg = Release|Any CPU
		{8DF89DBC-D0D6-4D1A-81CF-E25AED95BFA3}.Release|Any CPU.Build.0 = Release|Any CPU
	EndGlobalSection
	GlobalSection(SolutionProperties) = preSolution
		HideSolutionNode = FALSE
	EndGlobalSection
	GlobalSection(ExtensibilityGlobals) = postSolution
		SolutionGuid = {893306CD-982A-4EE3-8AFB-E367ABBE0355}
	EndGlobalSection
EndGlobal
